
Microsoft Visual Studio Solution File, Format Version 12.00
# Visual Studio Version 17
VisualStudioVersion = 17.7.34031.279
MinimumVisualStudioVersion = 10.0.40219.1
Project("{FAE04EC0-301F-11D3-BF4B-00C04F79EFBC}") = "ClashRoyale_Server", "ClashRoyale_Server\ClashRoyale_Server.csproj", "{096C6996-5B5B-4B41-BCF5-F506A382D1F4}"
EndProject
Global
	GlobalSection(SolutionConfigurationPlatforms) = preSolution
		Debug|Any CPU = Debug|Any CPU
		Release|Any CPU = Release|Any CPU
	EndGlobalSection
	GlobalSection(ProjectConfigurationPlatforms) = postSolution
		{096C6996-5B5B-4B41-BCF5-F506A382D1F4}.Debug|Any CPU.ActiveCfg = Debug|Any CPU
		{096C6996-5B5B-4B41-BCF5-F506A382D1F4}.Debug|Any CPU.Build.0 = Debug|Any CPU
		{096C6996-5B5B-4B41-BCF5-F506A382D1F4}.Release|Any CPU.ActiveCfg = Release|Any CPU
		{096C6996-5B5B-4B41-BCF5-F506A382D1F4}.Release|Any CPU.Build.0 = Release|Any CPU
	EndGlobalSection
	GlobalSection(SolutionProperties) = preSolution
		HideSolutionNode = FALSE
	EndGlobalSection
	GlobalSection(ExtensibilityGlobals) = postSolution
		SolutionGuid = {1BBD8328-FB92-4E29-A104-D4E32987A45D}
	EndGlobalSection
EndGlobal
